
Microsoft Visual Studio Solution File, Format Version 12.00
# Visual Studio 15
VisualStudioVersion = 15.0.28307.438
MinimumVisualStudioVersion = 10.0.40219.1
Project("{9A19103F-16F7-4668-BE54-9A1E7A4F7556}") = "league-site", "league-site.csproj", "{6BBEC8DD-BF2B-4970-9C18-AAB15B157E06}"
EndProject
Global
	GlobalSection(SolutionConfigurationPlatforms) = preSolution
		Debug|Any CPU = Debug|Any CPU
		Release|Any CPU = Release|Any CPU
	EndGlobalSection
	GlobalSection(ProjectConfigurationPlatforms) = postSolution
		{6BBEC8DD-BF2B-4970-9C18-AAB15B157E06}.Debug|Any CPU.ActiveCfg = Debug|Any CPU
		{6BBEC8DD-BF2B-4970-9C18-AAB15B157E06}.Debug|Any CPU.Build.0 = Debug|Any CPU
		{6BBEC8DD-BF2B-4970-9C18-AAB15B157E06}.Release|Any CPU.ActiveCfg = Release|Any CPU
		{6BBEC8DD-BF2B-4970-9C18-AAB15B157E06}.Release|Any CPU.Build.0 = Release|Any CPU
	EndGlobalSection
	GlobalSection(SolutionProperties) = preSolution
		HideSolutionNode = FALSE
	EndGlobalSection
	GlobalSection(ExtensibilityGlobals) = postSolution
		SolutionGuid = {424B4380-2176-437F-930F-961124CB1E47}
	EndGlobalSection
EndGlobal
